// !$*UTF8*$!
{
	archiveVersion = 1;
	classes = {
	};
	objectVersion = 50;
	objects = {

/* Begin PBXBuildFile section */
		D259ED7526ACE30900C98748 /* ColorCrossPlatformApp.swift in Sources */ = {isa = PBXBuildFile; fileRef = D259ED6226ACE30800C98748 /* ColorCrossPlatformApp.swift */; };
		D259ED7626ACE30900C98748 /* ColorCrossPlatformApp.swift in Sources */ = {isa = PBXBuildFile; fileRef = D259ED6226ACE30800C98748 /* ColorCrossPlatformApp.swift */; };
		D259ED7726ACE30900C98748 /* ContentView.swift in Sources */ = {isa = PBXBuildFile; fileRef = D259ED6326ACE30800C98748 /* ContentView.swift */; };
		D259ED7826ACE30900C98748 /* ContentView.swift in Sources */ = {isa = PBXBuildFile; fileRef = D259ED6326ACE30800C98748 /* ContentView.swift */; };
		D259ED7926ACE30900C98748 /* Assets.xcassets in Resources */ = {isa = PBXBuildFile; fileRef = D259ED6426ACE30900C98748 /* Assets.xcassets */; };
		D259ED7A26ACE30900C98748 /* Assets.xcassets in Resources */ = {isa = PBXBuildFile; fileRef = D259ED6426ACE30900C98748 /* Assets.xcassets */; };
		D259ED8726ACE34000C98748 /* HSBSlidersView.swift in Sources */ = {isa = PBXBuildFile; fileRef = D259ED8326ACE34000C98748 /* HSBSlidersView.swift */; };
		D259ED8826ACE34000C98748 /* HSBSlidersView.swift in Sources */ = {isa = PBXBuildFile; fileRef = D259ED8326ACE34000C98748 /* HSBSlidersView.swift */; };
		D259ED8926ACE34000C98748 /* Color+Components.swift in Sources */ = {isa = PBXBuildFile; fileRef = D259ED8426ACE34000C98748 /* Color+Components.swift */; };
		D259ED8A26ACE34000C98748 /* Color+Components.swift in Sources */ = {isa = PBXBuildFile; fileRef = D259ED8426ACE34000C98748 /* Color+Components.swift */; };
		D259ED8B26ACE34000C98748 /* ColorPickerSlider.swift in Sources */ = {isa = PBXBuildFile; fileRef = D259ED8526ACE34000C98748 /* ColorPickerSlider.swift */; };
		D259ED8C26ACE34000C98748 /* ColorPickerSlider.swift in Sources */ = {isa = PBXBuildFile; fileRef = D259ED8526ACE34000C98748 /* ColorPickerSlider.swift */; };
		D259ED8D26ACE34000C98748 /* RGBSlidersView.swift in Sources */ = {isa = PBXBuildFile; fileRef = D259ED8626ACE34000C98748 /* RGBSlidersView.swift */; };
		D259ED8E26ACE34000C98748 /* RGBSlidersView.swift in Sources */ = {isa = PBXBuildFile; fileRef = D259ED8626ACE34000C98748 /* RGBSlidersView.swift */; };
		DA11C29026B04EAB004A4687 /* Mach2OutlineShape.swift in Sources */ = {isa = PBXBuildFile; fileRef = DA11C28F26B04EAB004A4687 /* Mach2OutlineShape.swift */; };
		DA11C29126B04EAB004A4687 /* Mach2OutlineShape.swift in Sources */ = {isa = PBXBuildFile; fileRef = DA11C28F26B04EAB004A4687 /* Mach2OutlineShape.swift */; };
		DA22C0EB26B0751E007D0C7C /* Blink1Device.swift in Sources */ = {isa = PBXBuildFile; fileRef = DA22C0EA26B0751E007D0C7C /* Blink1Device.swift */; };
		DA22C0EC26B0751E007D0C7C /* Blink1Device.swift in Sources */ = {isa = PBXBuildFile; fileRef = DA22C0EA26B0751E007D0C7C /* Blink1Device.swift */; };
		DA27457526B340B000ADACB7 /* Color+StringDescriptions.swift in Sources */ = {isa = PBXBuildFile; fileRef = DA27457426B340B000ADACB7 /* Color+StringDescriptions.swift */; };
		DA27457626B340B000ADACB7 /* Color+StringDescriptions.swift in Sources */ = {isa = PBXBuildFile; fileRef = DA27457426B340B000ADACB7 /* Color+StringDescriptions.swift */; };
		DA339B6B26B0741B007A8F09 /* SelectionState.swift in Sources */ = {isa = PBXBuildFile; fileRef = DA339B6A26B0741B007A8F09 /* SelectionState.swift */; };
		DA339B6C26B0741B007A8F09 /* SelectionState.swift in Sources */ = {isa = PBXBuildFile; fileRef = DA339B6A26B0741B007A8F09 /* SelectionState.swift */; };
		DA3F5CC626B499DC00EEDDF0 /* PushUpdateDialogView.swift in Sources */ = {isa = PBXBuildFile; fileRef = DA3F5CC526B499DC00EEDDF0 /* PushUpdateDialogView.swift */; };
		DA3F5CC726B499DC00EEDDF0 /* PushUpdateDialogView.swift in Sources */ = {isa = PBXBuildFile; fileRef = DA3F5CC526B499DC00EEDDF0 /* PushUpdateDialogView.swift */; };
		DA55F0A226AF47660004D6CB /* ColorSlidersView.swift in Sources */ = {isa = PBXBuildFile; fileRef = DA55F0A126AF47660004D6CB /* ColorSlidersView.swift */; };
		DA55F0A326AF47660004D6CB /* ColorSlidersView.swift in Sources */ = {isa = PBXBuildFile; fileRef = DA55F0A126AF47660004D6CB /* ColorSlidersView.swift */; };
		DA55F0A726AF481D0004D6CB /* Blink1UISettings.swift in Sources */ = {isa = PBXBuildFile; fileRef = DA55F0A626AF481D0004D6CB /* Blink1UISettings.swift */; };
		DA55F0A826AF481D0004D6CB /* Blink1UISettings.swift in Sources */ = {isa = PBXBuildFile; fileRef = DA55F0A626AF481D0004D6CB /* Blink1UISettings.swift */; };
		DA55F0AD26AF53F70004D6CB /* CurrentSettingView.swift in Sources */ = {isa = PBXBuildFile; fileRef = DA55F0AC26AF53F70004D6CB /* CurrentSettingView.swift */; };
		DA55F0AE26AF53F70004D6CB /* CurrentSettingView.swift in Sources */ = {isa = PBXBuildFile; fileRef = DA55F0AC26AF53F70004D6CB /* CurrentSettingView.swift */; };
		DA5990E426B358420098486F /* Blink1CLIStringGenerator.swift in Sources */ = {isa = PBXBuildFile; fileRef = DA976A9B26B313BD00B983AA /* Blink1CLIStringGenerator.swift */; };
		DA5990E626B363710098486F /* RGBLED.swift in Sources */ = {isa = PBXBuildFile; fileRef = DA5990E526B363710098486F /* RGBLED.swift */; };
		DA5990E726B363710098486F /* RGBLED.swift in Sources */ = {isa = PBXBuildFile; fileRef = DA5990E526B363710098486F /* RGBLED.swift */; };
		DA5990E926B446380098486F /* CopyToClipBoardButton.swift in Sources */ = {isa = PBXBuildFile; fileRef = DA5990E826B446380098486F /* CopyToClipBoardButton.swift */; };
		DA5990EA26B446380098486F /* CopyToClipBoardButton.swift in Sources */ = {isa = PBXBuildFile; fileRef = DA5990E826B446380098486F /* CopyToClipBoardButton.swift */; };
		DA66D63F26B350900054EF56 /* ColorControllerView.swift in Sources */ = {isa = PBXBuildFile; fileRef = DA66D63E26B350900054EF56 /* ColorControllerView.swift */; };
		DA66D64026B350900054EF56 /* ColorControllerView.swift in Sources */ = {isa = PBXBuildFile; fileRef = DA66D63E26B350900054EF56 /* ColorControllerView.swift */; };
		DA7EEA4C26B473E600F9C79C /* AdaptiveStack.swift in Sources */ = {isa = PBXBuildFile; fileRef = DA7EEA4B26B473E600F9C79C /* AdaptiveStack.swift */; };
		DA7EEA4D26B473E600F9C79C /* AdaptiveStack.swift in Sources */ = {isa = PBXBuildFile; fileRef = DA7EEA4B26B473E600F9C79C /* AdaptiveStack.swift */; };
		DA7EEA5026B4764200F9C79C /* CrossPlatformSizeClass.swift in Sources */ = {isa = PBXBuildFile; fileRef = DA7EEA4F26B4764200F9C79C /* CrossPlatformSizeClass.swift */; };
		DA7EEA5126B4764200F9C79C /* CrossPlatformSizeClass.swift in Sources */ = {isa = PBXBuildFile; fileRef = DA7EEA4F26B4764200F9C79C /* CrossPlatformSizeClass.swift */; };
		DA976A9A26B2FE0E00B983AA /* Switchboard.swift in Sources */ = {isa = PBXBuildFile; fileRef = DA976A9926B2FE0E00B983AA /* Switchboard.swift */; };
		DA976A9C26B313BD00B983AA /* Blink1CLIStringGenerator.swift in Sources */ = {isa = PBXBuildFile; fileRef = DA976A9B26B313BD00B983AA /* Blink1CLIStringGenerator.swift */; };
		DAAB504326B1A39500B87706 /* Blink1DeviceStore.swift in Sources */ = {isa = PBXBuildFile; fileRef = DAAB504226B1A39500B87706 /* Blink1DeviceStore.swift */; };
		DAAF3D8426B355F2005B2CD4 /* Blink1DeviceStore.swift in Sources */ = {isa = PBXBuildFile; fileRef = DAAB504226B1A39500B87706 /* Blink1DeviceStore.swift */; };
		DAAF3D8526B355FA005B2CD4 /* Switchboard.swift in Sources */ = {isa = PBXBuildFile; fileRef = DA976A9926B2FE0E00B983AA /* Switchboard.swift */; };
		DACD9FCB26B5939F000409E8 /* GeneralColorPickerView.swift in Sources */ = {isa = PBXBuildFile; fileRef = DACD9FCA26B5939F000409E8 /* GeneralColorPickerView.swift */; };
		DACD9FCC26B5939F000409E8 /* GeneralColorPickerView.swift in Sources */ = {isa = PBXBuildFile; fileRef = DACD9FCA26B5939F000409E8 /* GeneralColorPickerView.swift */; };
/* End PBXBuildFile section */

/* Begin PBXFileReference section */
		D259ED6226ACE30800C98748 /* ColorCrossPlatformApp.swift */ = {isa = PBXFileReference; lastKnownFileType = sourcecode.swift; path = ColorCrossPlatformApp.swift; sourceTree = "<group>"; };
		D259ED6326ACE30800C98748 /* ContentView.swift */ = {isa = PBXFileReference; lastKnownFileType = sourcecode.swift; path = ContentView.swift; sourceTree = "<group>"; };
		D259ED6426ACE30900C98748 /* Assets.xcassets */ = {isa = PBXFileReference; lastKnownFileType = folder.assetcatalog; path = Assets.xcassets; sourceTree = "<group>"; };
		D259ED6926ACE30900C98748 /* ColorCrossPlatform.app */ = {isa = PBXFileReference; explicitFileType = wrapper.application; includeInIndex = 0; path = ColorCrossPlatform.app; sourceTree = BUILT_PRODUCTS_DIR; };
		D259ED6C26ACE30900C98748 /* Info.plist */ = {isa = PBXFileReference; lastKnownFileType = text.plist.xml; path = Info.plist; sourceTree = "<group>"; };
		D259ED7126ACE30900C98748 /* ColorCrossPlatform.app */ = {isa = PBXFileReference; explicitFileType = wrapper.application; includeInIndex = 0; path = ColorCrossPlatform.app; sourceTree = BUILT_PRODUCTS_DIR; };
		D259ED7326ACE30900C98748 /* Info.plist */ = {isa = PBXFileReference; lastKnownFileType = text.plist.xml; path = Info.plist; sourceTree = "<group>"; };
		D259ED7426ACE30900C98748 /* macOS.entitlements */ = {isa = PBXFileReference; lastKnownFileType = text.plist.entitlements; path = macOS.entitlements; sourceTree = "<group>"; };
		D259ED8326ACE34000C98748 /* HSBSlidersView.swift */ = {isa = PBXFileReference; fileEncoding = 4; lastKnownFileType = sourcecode.swift; path = HSBSlidersView.swift; sourceTree = "<group>"; };
		D259ED8426ACE34000C98748 /* Color+Components.swift */ = {isa = PBXFileReference; fileEncoding = 4; lastKnownFileType = sourcecode.swift; path = "Color+Components.swift"; sourceTree = "<group>"; };
		D259ED8526ACE34000C98748 /* ColorPickerSlider.swift */ = {isa = PBXFileReference; fileEncoding = 4; lastKnownFileType = sourcecode.swift; path = ColorPickerSlider.swift; sourceTree = "<group>"; };
		D259ED8626ACE34000C98748 /* RGBSlidersView.swift */ = {isa = PBXFileReference; fileEncoding = 4; lastKnownFileType = sourcecode.swift; path = RGBSlidersView.swift; sourceTree = "<group>"; };
		DA11C28F26B04EAB004A4687 /* Mach2OutlineShape.swift */ = {isa = PBXFileReference; lastKnownFileType = sourcecode.swift; path = Mach2OutlineShape.swift; sourceTree = "<group>"; };
		DA22C0EA26B0751E007D0C7C /* Blink1Device.swift */ = {isa = PBXFileReference; lastKnownFileType = sourcecode.swift; path = Blink1Device.swift; sourceTree = "<group>"; };
		DA27457426B340B000ADACB7 /* Color+StringDescriptions.swift */ = {isa = PBXFileReference; lastKnownFileType = sourcecode.swift; path = "Color+StringDescriptions.swift"; sourceTree = "<group>"; };
		DA339B6A26B0741B007A8F09 /* SelectionState.swift */ = {isa = PBXFileReference; lastKnownFileType = sourcecode.swift; path = SelectionState.swift; sourceTree = "<group>"; };
		DA3F5CC526B499DC00EEDDF0 /* PushUpdateDialogView.swift */ = {isa = PBXFileReference; lastKnownFileType = sourcecode.swift; path = PushUpdateDialogView.swift; sourceTree = "<group>"; };
		DA55F0A126AF47660004D6CB /* ColorSlidersView.swift */ = {isa = PBXFileReference; lastKnownFileType = sourcecode.swift; path = ColorSlidersView.swift; sourceTree = "<group>"; };
		DA55F0A626AF481D0004D6CB /* Blink1UISettings.swift */ = {isa = PBXFileReference; lastKnownFileType = sourcecode.swift; path = Blink1UISettings.swift; sourceTree = "<group>"; };
		DA55F0AC26AF53F70004D6CB /* CurrentSettingView.swift */ = {isa = PBXFileReference; lastKnownFileType = sourcecode.swift; path = CurrentSettingView.swift; sourceTree = "<group>"; };
		DA5990E526B363710098486F /* RGBLED.swift */ = {isa = PBXFileReference; fileEncoding = 4; lastKnownFileType = sourcecode.swift; path = RGBLED.swift; sourceTree = "<group>"; };
		DA5990E826B446380098486F /* CopyToClipBoardButton.swift */ = {isa = PBXFileReference; lastKnownFileType = sourcecode.swift; name = CopyToClipBoardButton.swift; path = Shared/GenericViews/CopyToClipBoardButton.swift; sourceTree = SOURCE_ROOT; };
		DA66D63E26B350900054EF56 /* ColorControllerView.swift */ = {isa = PBXFileReference; lastKnownFileType = sourcecode.swift; path = ColorControllerView.swift; sourceTree = "<group>"; };
		DA7EEA4B26B473E600F9C79C /* AdaptiveStack.swift */ = {isa = PBXFileReference; lastKnownFileType = sourcecode.swift; path = AdaptiveStack.swift; sourceTree = "<group>"; };
		DA7EEA4F26B4764200F9C79C /* CrossPlatformSizeClass.swift */ = {isa = PBXFileReference; lastKnownFileType = sourcecode.swift; path = CrossPlatformSizeClass.swift; sourceTree = "<group>"; };
		DA976A9926B2FE0E00B983AA /* Switchboard.swift */ = {isa = PBXFileReference; lastKnownFileType = sourcecode.swift; path = Switchboard.swift; sourceTree = "<group>"; };
		DA976A9B26B313BD00B983AA /* Blink1CLIStringGenerator.swift */ = {isa = PBXFileReference; lastKnownFileType = sourcecode.swift; name = Blink1CLIStringGenerator.swift; path = Shared/Blink1/Blink1CLIStringGenerator.swift; sourceTree = SOURCE_ROOT; };
		DAAB504226B1A39500B87706 /* Blink1DeviceStore.swift */ = {isa = PBXFileReference; lastKnownFileType = sourcecode.swift; name = Blink1DeviceStore.swift; path = Shared/Blink1/Blink1DeviceStore.swift; sourceTree = SOURCE_ROOT; };
		DACD9FCA26B5939F000409E8 /* GeneralColorPickerView.swift */ = {isa = PBXFileReference; lastKnownFileType = sourcecode.swift; name = GeneralColorPickerView.swift; path = Shared/ColorControl/GeneralColorPickerView.swift; sourceTree = SOURCE_ROOT; };
/* End PBXFileReference section */

/* Begin PBXFrameworksBuildPhase section */
		D259ED6626ACE30900C98748 /* Frameworks */ = {
			isa = PBXFrameworksBuildPhase;
			buildActionMask = 2147483647;
			files = (
			);
			runOnlyForDeploymentPostprocessing = 0;
		};
		D259ED6E26ACE30900C98748 /* Frameworks */ = {
			isa = PBXFrameworksBuildPhase;
			buildActionMask = 2147483647;
			files = (
			);
			runOnlyForDeploymentPostprocessing = 0;
		};
/* End PBXFrameworksBuildPhase section */

/* Begin PBXGroup section */
		D259ED5C26ACE30700C98748 = {
			isa = PBXGroup;
			children = (
				D259ED6126ACE30800C98748 /* Shared */,
				D259ED6B26ACE30900C98748 /* iOS */,
				D259ED7226ACE30900C98748 /* macOS */,
				D259ED6A26ACE30900C98748 /* Products */,
			);
			sourceTree = "<group>";
		};
		D259ED6126ACE30800C98748 /* Shared */ = {
			isa = PBXGroup;
			children = (
				D259ED6226ACE30800C98748 /* ColorCrossPlatformApp.swift */,
				D259ED6326ACE30800C98748 /* ContentView.swift */,
				DACD9FC926B58F76000409E8 /* AppViews */,
				DA7EEA4E26B4755F00F9C79C /* GenericViews */,
				DA55F0A526AF47D40004D6CB /* ColorControl */,
				D259ED6426ACE30900C98748 /* Assets.xcassets */,
				DA27457726B3435800ADACB7 /* Switchboard */,
				DA55F0A426AF47BE0004D6CB /* Blink1 */,
			);
			path = Shared;
			sourceTree = "<group>";
		};
		D259ED6A26ACE30900C98748 /* Products */ = {
			isa = PBXGroup;
			children = (
				D259ED6926ACE30900C98748 /* ColorCrossPlatform.app */,
				D259ED7126ACE30900C98748 /* ColorCrossPlatform.app */,
			);
			name = Products;
			sourceTree = "<group>";
		};
		D259ED6B26ACE30900C98748 /* iOS */ = {
			isa = PBXGroup;
			children = (
				D259ED6C26ACE30900C98748 /* Info.plist */,
			);
			path = iOS;
			sourceTree = "<group>";
		};
		D259ED7226ACE30900C98748 /* macOS */ = {
			isa = PBXGroup;
			children = (
				D259ED7326ACE30900C98748 /* Info.plist */,
				D259ED7426ACE30900C98748 /* macOS.entitlements */,
			);
			path = macOS;
			sourceTree = "<group>";
		};
		DA22C0E826B074CA007D0C7C /* UISettings */ = {
			isa = PBXGroup;
			children = (
				DA11C28F26B04EAB004A4687 /* Mach2OutlineShape.swift */,
				DA55F0A626AF481D0004D6CB /* Blink1UISettings.swift */,
				DA339B6A26B0741B007A8F09 /* SelectionState.swift */,
			);
			path = UISettings;
			sourceTree = "<group>";
		};
		DA22C0E926B074DF007D0C7C /* DeviceSettings */ = {
			isa = PBXGroup;
			children = (
				DA5990E526B363710098486F /* RGBLED.swift */,
				DA22C0EA26B0751E007D0C7C /* Blink1Device.swift */,
			);
			path = DeviceSettings;
			sourceTree = "<group>";
		};
		DA27457726B3435800ADACB7 /* Switchboard */ = {
			isa = PBXGroup;
			children = (
				DA976A9926B2FE0E00B983AA /* Switchboard.swift */,
			);
			path = Switchboard;
			sourceTree = "<group>";
		};
		DA55F0A426AF47BE0004D6CB /* Blink1 */ = {
			isa = PBXGroup;
			children = (
				DAAB504226B1A39500B87706 /* Blink1DeviceStore.swift */,
				DA22C0E826B074CA007D0C7C /* UISettings */,
				DA22C0E926B074DF007D0C7C /* DeviceSettings */,
				DA976A9B26B313BD00B983AA /* Blink1CLIStringGenerator.swift */,
			);
			path = Blink1;
			sourceTree = "<group>";
		};
		DA55F0A526AF47D40004D6CB /* ColorControl */ = {
			isa = PBXGroup;
			children = (
				DACD9FCA26B5939F000409E8 /* GeneralColorPickerView.swift */,
				DA55F0A126AF47660004D6CB /* ColorSlidersView.swift */,
				D259ED8426ACE34000C98748 /* Color+Components.swift */,
				DA27457426B340B000ADACB7 /* Color+StringDescriptions.swift */,
				D259ED8526ACE34000C98748 /* ColorPickerSlider.swift */,
				D259ED8326ACE34000C98748 /* HSBSlidersView.swift */,
				D259ED8626ACE34000C98748 /* RGBSlidersView.swift */,
			);
			path = ColorControl;
			sourceTree = "<group>";
		};
		DA7EEA4E26B4755F00F9C79C /* GenericViews */ = {
			isa = PBXGroup;
			children = (
				DA5990E826B446380098486F /* CopyToClipBoardButton.swift */,
				DA7EEA4B26B473E600F9C79C /* AdaptiveStack.swift */,
				DA7EEA4F26B4764200F9C79C /* CrossPlatformSizeClass.swift */,
			);
			path = GenericViews;
			sourceTree = "<group>";
		};
		DACD9FC926B58F76000409E8 /* AppViews */ = {
			isa = PBXGroup;
			children = (
				DA55F0AC26AF53F70004D6CB /* CurrentSettingView.swift */,
				DA66D63E26B350900054EF56 /* ColorControllerView.swift */,
				DA3F5CC526B499DC00EEDDF0 /* PushUpdateDialogView.swift */,
			);
			path = AppViews;
			sourceTree = "<group>";
		};
/* End PBXGroup section */

/* Begin PBXNativeTarget section */
		D259ED6826ACE30900C98748 /* ColorCrossPlatform (iOS) */ = {
			isa = PBXNativeTarget;
			buildConfigurationList = D259ED7D26ACE30900C98748 /* Build configuration list for PBXNativeTarget "ColorCrossPlatform (iOS)" */;
			buildPhases = (
				D259ED6526ACE30900C98748 /* Sources */,
				D259ED6626ACE30900C98748 /* Frameworks */,
				D259ED6726ACE30900C98748 /* Resources */,
			);
			buildRules = (
			);
			dependencies = (
			);
			name = "ColorCrossPlatform (iOS)";
			productName = "ColorCrossPlatform (iOS)";
			productReference = D259ED6926ACE30900C98748 /* ColorCrossPlatform.app */;
			productType = "com.apple.product-type.application";
		};
		D259ED7026ACE30900C98748 /* ColorCrossPlatform (macOS) */ = {
			isa = PBXNativeTarget;
			buildConfigurationList = D259ED8026ACE30900C98748 /* Build configuration list for PBXNativeTarget "ColorCrossPlatform (macOS)" */;
			buildPhases = (
				D259ED6D26ACE30900C98748 /* Sources */,
				D259ED6E26ACE30900C98748 /* Frameworks */,
				D259ED6F26ACE30900C98748 /* Resources */,
			);
			buildRules = (
			);
			dependencies = (
			);
			name = "ColorCrossPlatform (macOS)";
			productName = "ColorCrossPlatform (macOS)";
			productReference = D259ED7126ACE30900C98748 /* ColorCrossPlatform.app */;
			productType = "com.apple.product-type.application";
		};
/* End PBXNativeTarget section */

/* Begin PBXProject section */
		D259ED5D26ACE30800C98748 /* Project object */ = {
			isa = PBXProject;
			attributes = {
				LastSwiftUpdateCheck = 1250;
				LastUpgradeCheck = 1250;
				TargetAttributes = {
					D259ED6826ACE30900C98748 = {
						CreatedOnToolsVersion = 12.5.1;
					};
					D259ED7026ACE30900C98748 = {
						CreatedOnToolsVersion = 12.5.1;
					};
				};
			};
			buildConfigurationList = D259ED6026ACE30800C98748 /* Build configuration list for PBXProject "ColorCrossPlatform" */;
			compatibilityVersion = "Xcode 9.3";
			developmentRegion = en;
			hasScannedForEncodings = 0;
			knownRegions = (
				en,
				Base,
			);
			mainGroup = D259ED5C26ACE30700C98748;
			productRefGroup = D259ED6A26ACE30900C98748 /* Products */;
			projectDirPath = "";
			projectRoot = "";
			targets = (
				D259ED6826ACE30900C98748 /* ColorCrossPlatform (iOS) */,
				D259ED7026ACE30900C98748 /* ColorCrossPlatform (macOS) */,
			);
		};
/* End PBXProject section */

/* Begin PBXResourcesBuildPhase section */
		D259ED6726ACE30900C98748 /* Resources */ = {
			isa = PBXResourcesBuildPhase;
			buildActionMask = 2147483647;
			files = (
				D259ED7926ACE30900C98748 /* Assets.xcassets in Resources */,
			);
			runOnlyForDeploymentPostprocessing = 0;
		};
		D259ED6F26ACE30900C98748 /* Resources */ = {
			isa = PBXResourcesBuildPhase;
			buildActionMask = 2147483647;
			files = (
				D259ED7A26ACE30900C98748 /* Assets.xcassets in Resources */,
			);
			runOnlyForDeploymentPostprocessing = 0;
		};
/* End PBXResourcesBuildPhase section */

/* Begin PBXSourcesBuildPhase section */
		D259ED6526ACE30900C98748 /* Sources */ = {
			isa = PBXSourcesBuildPhase;
			buildActionMask = 2147483647;
			files = (
				DA55F0A726AF481D0004D6CB /* Blink1UISettings.swift in Sources */,
				D259ED7726ACE30900C98748 /* ContentView.swift in Sources */,
				DACD9FCB26B5939F000409E8 /* GeneralColorPickerView.swift in Sources */,
				DA22C0EB26B0751E007D0C7C /* Blink1Device.swift in Sources */,
				DA976A9A26B2FE0E00B983AA /* Switchboard.swift in Sources */,
				DA66D63F26B350900054EF56 /* ColorControllerView.swift in Sources */,
				D259ED8926ACE34000C98748 /* Color+Components.swift in Sources */,
				D259ED8B26ACE34000C98748 /* ColorPickerSlider.swift in Sources */,
				DA976A9C26B313BD00B983AA /* Blink1CLIStringGenerator.swift in Sources */,
				DAAB504326B1A39500B87706 /* Blink1DeviceStore.swift in Sources */,
				DA3F5CC626B499DC00EEDDF0 /* PushUpdateDialogView.swift in Sources */,
				D259ED7526ACE30900C98748 /* ColorCrossPlatformApp.swift in Sources */,
				DA7EEA4C26B473E600F9C79C /* AdaptiveStack.swift in Sources */,
				D259ED8726ACE34000C98748 /* HSBSlidersView.swift in Sources */,
				DA7EEA5026B4764200F9C79C /* CrossPlatformSizeClass.swift in Sources */,
				DA5990E626B363710098486F /* RGBLED.swift in Sources */,
				DA11C29026B04EAB004A4687 /* Mach2OutlineShape.swift in Sources */,
				DA27457526B340B000ADACB7 /* Color+StringDescriptions.swift in Sources */,
				DA55F0A226AF47660004D6CB /* ColorSlidersView.swift in Sources */,
				DA339B6B26B0741B007A8F09 /* SelectionState.swift in Sources */,
				DA55F0AD26AF53F70004D6CB /* CurrentSettingView.swift in Sources */,
				D259ED8D26ACE34000C98748 /* RGBSlidersView.swift in Sources */,
				DA5990E926B446380098486F /* CopyToClipBoardButton.swift in Sources */,
			);
			runOnlyForDeploymentPostprocessing = 0;
		};
		D259ED6D26ACE30900C98748 /* Sources */ = {
			isa = PBXSourcesBuildPhase;
			buildActionMask = 2147483647;
			files = (
				DAAF3D8426B355F2005B2CD4 /* Blink1DeviceStore.swift in Sources */,
				DA55F0A826AF481D0004D6CB /* Blink1UISettings.swift in Sources */,
				DACD9FCC26B5939F000409E8 /* GeneralColorPickerView.swift in Sources */,
				D259ED7826ACE30900C98748 /* ContentView.swift in Sources */,
				DA22C0EC26B0751E007D0C7C /* Blink1Device.swift in Sources */,
				D259ED8A26ACE34000C98748 /* Color+Components.swift in Sources */,
				D259ED8C26ACE34000C98748 /* ColorPickerSlider.swift in Sources */,
				D259ED7626ACE30900C98748 /* ColorCrossPlatformApp.swift in Sources */,
				D259ED8826ACE34000C98748 /* HSBSlidersView.swift in Sources */,
				DA11C29126B04EAB004A4687 /* Mach2OutlineShape.swift in Sources */,
				DA3F5CC726B499DC00EEDDF0 /* PushUpdateDialogView.swift in Sources */,
				DA27457626B340B000ADACB7 /* Color+StringDescriptions.swift in Sources */,
				DA7EEA4D26B473E600F9C79C /* AdaptiveStack.swift in Sources */,
				DA55F0A326AF47660004D6CB /* ColorSlidersView.swift in Sources */,
				DA7EEA5126B4764200F9C79C /* CrossPlatformSizeClass.swift in Sources */,
				DA5990E726B363710098486F /* RGBLED.swift in Sources */,
				DA339B6C26B0741B007A8F09 /* SelectionState.swift in Sources */,
				DA55F0AE26AF53F70004D6CB /* CurrentSettingView.swift in Sources */,
				DA66D64026B350900054EF56 /* ColorControllerView.swift in Sources */,
				DAAF3D8526B355FA005B2CD4 /* Switchboard.swift in Sources */,
				DA5990E426B358420098486F /* Blink1CLIStringGenerator.swift in Sources */,
				D259ED8E26ACE34000C98748 /* RGBSlidersView.swift in Sources */,
				DA5990EA26B446380098486F /* CopyToClipBoardButton.swift in Sources */,
			);
			runOnlyForDeploymentPostprocessing = 0;
		};
/* End PBXSourcesBuildPhase section */

/* Begin XCBuildConfiguration section */
		D259ED7B26ACE30900C98748 /* Debug */ = {
			isa = XCBuildConfiguration;
			buildSettings = {
				ALWAYS_SEARCH_USER_PATHS = NO;
				CLANG_ANALYZER_NONNULL = YES;
				CLANG_ANALYZER_NUMBER_OBJECT_CONVERSION = YES_AGGRESSIVE;
				CLANG_CXX_LANGUAGE_STANDARD = "gnu++14";
				CLANG_CXX_LIBRARY = "libc++";
				CLANG_ENABLE_MODULES = YES;
				CLANG_ENABLE_OBJC_ARC = YES;
				CLANG_ENABLE_OBJC_WEAK = YES;
				CLANG_WARN_BLOCK_CAPTURE_AUTORELEASING = YES;
				CLANG_WARN_BOOL_CONVERSION = YES;
				CLANG_WARN_COMMA = YES;
				CLANG_WARN_CONSTANT_CONVERSION = YES;
				CLANG_WARN_DEPRECATED_OBJC_IMPLEMENTATIONS = YES;
				CLANG_WARN_DIRECT_OBJC_ISA_USAGE = YES_ERROR;
				CLANG_WARN_DOCUMENTATION_COMMENTS = YES;
				CLANG_WARN_EMPTY_BODY = YES;
				CLANG_WARN_ENUM_CONVERSION = YES;
				CLANG_WARN_INFINITE_RECURSION = YES;
				CLANG_WARN_INT_CONVERSION = YES;
				CLANG_WARN_NON_LITERAL_NULL_CONVERSION = YES;
				CLANG_WARN_OBJC_IMPLICIT_RETAIN_SELF = YES;
				CLANG_WARN_OBJC_LITERAL_CONVERSION = YES;
				CLANG_WARN_OBJC_ROOT_CLASS = YES_ERROR;
				CLANG_WARN_QUOTED_INCLUDE_IN_FRAMEWORK_HEADER = YES;
				CLANG_WARN_RANGE_LOOP_ANALYSIS = YES;
				CLANG_WARN_STRICT_PROTOTYPES = YES;
				CLANG_WARN_SUSPICIOUS_MOVE = YES;
				CLANG_WARN_UNGUARDED_AVAILABILITY = YES_AGGRESSIVE;
				CLANG_WARN_UNREACHABLE_CODE = YES;
				CLANG_WARN__DUPLICATE_METHOD_MATCH = YES;
				COPY_PHASE_STRIP = NO;
				DEBUG_INFORMATION_FORMAT = dwarf;
				ENABLE_STRICT_OBJC_MSGSEND = YES;
				ENABLE_TESTABILITY = YES;
				GCC_C_LANGUAGE_STANDARD = gnu11;
				GCC_DYNAMIC_NO_PIC = NO;
				GCC_NO_COMMON_BLOCKS = YES;
				GCC_OPTIMIZATION_LEVEL = 0;
				GCC_PREPROCESSOR_DEFINITIONS = (
					"DEBUG=1",
					"$(inherited)",
				);
				GCC_WARN_64_TO_32_BIT_CONVERSION = YES;
				GCC_WARN_ABOUT_RETURN_TYPE = YES_ERROR;
				GCC_WARN_UNDECLARED_SELECTOR = YES;
				GCC_WARN_UNINITIALIZED_AUTOS = YES_AGGRESSIVE;
				GCC_WARN_UNUSED_FUNCTION = YES;
				GCC_WARN_UNUSED_VARIABLE = YES;
				MTL_ENABLE_DEBUG_INFO = INCLUDE_SOURCE;
				MTL_FAST_MATH = YES;
				ONLY_ACTIVE_ARCH = YES;
				SWIFT_ACTIVE_COMPILATION_CONDITIONS = DEBUG;
				SWIFT_OPTIMIZATION_LEVEL = "-Onone";
			};
			name = Debug;
		};
		D259ED7C26ACE30900C98748 /* Release */ = {
			isa = XCBuildConfiguration;
			buildSettings = {
				ALWAYS_SEARCH_USER_PATHS = NO;
				CLANG_ANALYZER_NONNULL = YES;
				CLANG_ANALYZER_NUMBER_OBJECT_CONVERSION = YES_AGGRESSIVE;
				CLANG_CXX_LANGUAGE_STANDARD = "gnu++14";
				CLANG_CXX_LIBRARY = "libc++";
				CLANG_ENABLE_MODULES = YES;
				CLANG_ENABLE_OBJC_ARC = YES;
				CLANG_ENABLE_OBJC_WEAK = YES;
				CLANG_WARN_BLOCK_CAPTURE_AUTORELEASING = YES;
				CLANG_WARN_BOOL_CONVERSION = YES;
				CLANG_WARN_COMMA = YES;
				CLANG_WARN_CONSTANT_CONVERSION = YES;
				CLANG_WARN_DEPRECATED_OBJC_IMPLEMENTATIONS = YES;
				CLANG_WARN_DIRECT_OBJC_ISA_USAGE = YES_ERROR;
				CLANG_WARN_DOCUMENTATION_COMMENTS = YES;
				CLANG_WARN_EMPTY_BODY = YES;
				CLANG_WARN_ENUM_CONVERSION = YES;
				CLANG_WARN_INFINITE_RECURSION = YES;
				CLANG_WARN_INT_CONVERSION = YES;
				CLANG_WARN_NON_LITERAL_NULL_CONVERSION = YES;
				CLANG_WARN_OBJC_IMPLICIT_RETAIN_SELF = YES;
				CLANG_WARN_OBJC_LITERAL_CONVERSION = YES;
				CLANG_WARN_OBJC_ROOT_CLASS = YES_ERROR;
				CLANG_WARN_QUOTED_INCLUDE_IN_FRAMEWORK_HEADER = YES;
				CLANG_WARN_RANGE_LOOP_ANALYSIS = YES;
				CLANG_WARN_STRICT_PROTOTYPES = YES;
				CLANG_WARN_SUSPICIOUS_MOVE = YES;
				CLANG_WARN_UNGUARDED_AVAILABILITY = YES_AGGRESSIVE;
				CLANG_WARN_UNREACHABLE_CODE = YES;
				CLANG_WARN__DUPLICATE_METHOD_MATCH = YES;
				COPY_PHASE_STRIP = NO;
				DEBUG_INFORMATION_FORMAT = "dwarf-with-dsym";
				ENABLE_NS_ASSERTIONS = NO;
				ENABLE_STRICT_OBJC_MSGSEND = YES;
				GCC_C_LANGUAGE_STANDARD = gnu11;
				GCC_NO_COMMON_BLOCKS = YES;
				GCC_WARN_64_TO_32_BIT_CONVERSION = YES;
				GCC_WARN_ABOUT_RETURN_TYPE = YES_ERROR;
				GCC_WARN_UNDECLARED_SELECTOR = YES;
				GCC_WARN_UNINITIALIZED_AUTOS = YES_AGGRESSIVE;
				GCC_WARN_UNUSED_FUNCTION = YES;
				GCC_WARN_UNUSED_VARIABLE = YES;
				MTL_ENABLE_DEBUG_INFO = NO;
				MTL_FAST_MATH = YES;
				SWIFT_COMPILATION_MODE = wholemodule;
				SWIFT_OPTIMIZATION_LEVEL = "-O";
			};
			name = Release;
		};
		D259ED7E26ACE30900C98748 /* Debug */ = {
			isa = XCBuildConfiguration;
			buildSettings = {
				ASSETCATALOG_COMPILER_APPICON_NAME = AppIcon;
				ASSETCATALOG_COMPILER_GLOBAL_ACCENT_COLOR_NAME = AccentColor;
				CODE_SIGN_ENTITLEMENTS = ColorCrossPlatform.entitlements;
				CODE_SIGN_STYLE = Automatic;
				DEVELOPMENT_TEAM = KH3G9PXA68;
				ENABLE_PREVIEWS = YES;
				INFOPLIST_FILE = iOS/Info.plist;
				IPHONEOS_DEPLOYMENT_TARGET = 14.0;
				LD_RUNPATH_SEARCH_PATHS = (
					"$(inherited)",
					"@executable_path/Frameworks",
				);
				PRODUCT_BUNDLE_IDENTIFIER = com.carlynorama.ColorCrossPlatform;
				PRODUCT_NAME = ColorCrossPlatform;
				SDKROOT = iphoneos;
				SUPPORTS_MACCATALYST = YES;
				SUPPORTS_MAC_DESIGNED_FOR_IPHONE_IPAD = NO;
				SWIFT_VERSION = 5.0;
				TARGETED_DEVICE_FAMILY = "1,2,6";
			};
			name = Debug;
		};
		D259ED7F26ACE30900C98748 /* Release */ = {
			isa = XCBuildConfiguration;
			buildSettings = {
				ASSETCATALOG_COMPILER_APPICON_NAME = AppIcon;
				ASSETCATALOG_COMPILER_GLOBAL_ACCENT_COLOR_NAME = AccentColor;
				CODE_SIGN_ENTITLEMENTS = ColorCrossPlatform.entitlements;
				CODE_SIGN_STYLE = Automatic;
				DEVELOPMENT_TEAM = KH3G9PXA68;
				ENABLE_PREVIEWS = YES;
				INFOPLIST_FILE = iOS/Info.plist;
				IPHONEOS_DEPLOYMENT_TARGET = 14.0;
				LD_RUNPATH_SEARCH_PATHS = (
					"$(inherited)",
					"@executable_path/Frameworks",
				);
				PRODUCT_BUNDLE_IDENTIFIER = com.carlynorama.ColorCrossPlatform;
				PRODUCT_NAME = ColorCrossPlatform;
				SDKROOT = iphoneos;
				SUPPORTS_MACCATALYST = YES;
				SUPPORTS_MAC_DESIGNED_FOR_IPHONE_IPAD = NO;
				SWIFT_VERSION = 5.0;
				TARGETED_DEVICE_FAMILY = "1,2,6";
				VALIDATE_PRODUCT = YES;
			};
			name = Release;
		};
		D259ED8126ACE30900C98748 /* Debug */ = {
			isa = XCBuildConfiguration;
			buildSettings = {
				ASSETCATALOG_COMPILER_APPICON_NAME = AppIcon;
				ASSETCATALOG_COMPILER_GLOBAL_ACCENT_COLOR_NAME = AccentColor;
				CODE_SIGN_ENTITLEMENTS = macOS/macOS.entitlements;
				CODE_SIGN_IDENTITY = "-";
				CODE_SIGN_STYLE = Automatic;
				COMBINE_HIDPI_IMAGES = YES;
				DEVELOPMENT_TEAM = KH3G9PXA68;
				ENABLE_PREVIEWS = YES;
				INFOPLIST_FILE = macOS/Info.plist;
				LD_RUNPATH_SEARCH_PATHS = (
					"$(inherited)",
					"@executable_path/../Frameworks",
				);
				MACOSX_DEPLOYMENT_TARGET = 11.0;
				PRODUCT_BUNDLE_IDENTIFIER = com.carlynorama.ColorCrossPlatform;
				PRODUCT_NAME = ColorCrossPlatform;
				SDKROOT = macosx;
				SWIFT_VERSION = 5.0;
			};
			name = Debug;
		};
		D259ED8226ACE30900C98748 /* Release */ = {
			isa = XCBuildConfiguration;
			buildSettings = {
				ASSETCATALOG_COMPILER_APPICON_NAME = AppIcon;
				ASSETCATALOG_COMPILER_GLOBAL_ACCENT_COLOR_NAME = AccentColor;
				CODE_SIGN_ENTITLEMENTS = macOS/macOS.entitlements;
				CODE_SIGN_IDENTITY = "-";
				CODE_SIGN_STYLE = Automatic;
				COMBINE_HIDPI_IMAGES = YES;
				DEVELOPMENT_TEAM = KH3G9PXA68;
				ENABLE_PREVIEWS = YES;
				INFOPLIST_FILE = macOS/Info.plist;
				LD_RUNPATH_SEARCH_PATHS = (
					"$(inherited)",
					"@executable_path/../Frameworks",
				);
				MACOSX_DEPLOYMENT_TARGET = 11.0;
				PRODUCT_BUNDLE_IDENTIFIER = com.carlynorama.ColorCrossPlatform;
				PRODUCT_NAME = ColorCrossPlatform;
				SDKROOT = macosx;
				SWIFT_VERSION = 5.0;
			};
			name = Release;
		};
/* End XCBuildConfiguration section */

/* Begin XCConfigurationList section */
		D259ED6026ACE30800C98748 /* Build configuration list for PBXProject "ColorCrossPlatform" */ = {
			isa = XCConfigurationList;
			buildConfigurations = (
				D259ED7B26ACE30900C98748 /* Debug */,
				D259ED7C26ACE30900C98748 /* Release */,
			);
			defaultConfigurationIsVisible = 0;
			defaultConfigurationName = Release;
		};
		D259ED7D26ACE30900C98748 /* Build configuration list for PBXNativeTarget "ColorCrossPlatform (iOS)" */ = {
			isa = XCConfigurationList;
			buildConfigurations = (
				D259ED7E26ACE30900C98748 /* Debug */,
				D259ED7F26ACE30900C98748 /* Release */,
			);
			defaultConfigurationIsVisible = 0;
			defaultConfigurationName = Release;
		};
		D259ED8026ACE30900C98748 /* Build configuration list for PBXNativeTarget "ColorCrossPlatform (macOS)" */ = {
			isa = XCConfigurationList;
			buildConfigurations = (
				D259ED8126ACE30900C98748 /* Debug */,
				D259ED8226ACE30900C98748 /* Release */,
			);
			defaultConfigurationIsVisible = 0;
			defaultConfigurationName = Release;
		};
/* End XCConfigurationList section */
	};
	rootObject = D259ED5D26ACE30800C98748 /* Project object */;
}
